
Microsoft Visual Studio Solution File, Format Version 12.00
# Visual Studio Version 16
VisualStudioVersion = 16.0.30128.74
MinimumVisualStudioVersion = 10.0.40219.1
Project("{FAE04EC0-301F-11D3-BF4B-00C04F79EFBC}") = "PromotionEngine", "PromotionEngine.csproj", "{C60D2C04-49A6-4904-BB20-580C01E7EDA2}"
EndProject
Project("{FAE04EC0-301F-11D3-BF4B-00C04F79EFBC}") = "PromotionEngineTests", "..\PromotionEngineTests\PromotionEngineTests.csproj", "{7D3F5F0A-868B-4F4E-88B5-7C15A2324729}"
EndProject
Global
	GlobalSection(SolutionConfigurationPlatforms) = preSolution
		Debug|Any CPU = Debug|Any CPU
		Release|Any CPU = Release|Any CPU
	EndGlobalSection
	GlobalSection(ProjectConfigurationPlatforms) = postSolution
		{C60D2C04-49A6-4904-BB20-580C01E7EDA2}.Debug|Any CPU.ActiveCfg = Debug|Any CPU
		{C60D2C04-49A6-4904-BB20-580C01E7EDA2}.Debug|Any CPU.Build.0 = Debug|Any CPU
		{C60D2C04-49A6-4904-BB20-580C01E7EDA2}.Release|Any CPU.ActiveCfg = Release|Any CPU
		{C60D2C04-49A6-4904-BB20-580C01E7EDA2}.Release|Any CPU.Build.0 = Release|Any CPU
		{7D3F5F0A-868B-4F4E-88B5-7C15A2324729}.Debug|Any CPU.ActiveCfg = Debug|Any CPU
		{7D3F5F0A-868B-4F4E-88B5-7C15A2324729}.Debug|Any CPU.Build.0 = Debug|Any CPU
		{7D3F5F0A-868B-4F4E-88B5-7C15A2324729}.Release|Any CPU.ActiveCfg = Release|Any CPU
		{7D3F5F0A-868B-4F4E-88B5-7C15A2324729}.Release|Any CPU.Build.0 = Release|Any CPU
	EndGlobalSection
	GlobalSection(SolutionProperties) = preSolution
		HideSolutionNode = FALSE
	EndGlobalSection
	GlobalSection(ExtensibilityGlobals) = postSolution
		SolutionGuid = {F23ABE71-B83A-48DE-B6D8-D48D7EDAC170}
	EndGlobalSection
EndGlobal
